
Microsoft Visual Studio Solution File, Format Version 11.00
# Visual Studio 2010
Project("{FAE04EC0-301F-11D3-BF4B-00C04F79EFBC}") = "tickets", "tickets.csproj", "{DCF9BBE4-4FCC-43FA-B116-0DAB92F3C585}"
EndProject
Global
	GlobalSection(SolutionConfigurationPlatforms) = preSolution
		Debug|Any CPU = Debug|Any CPU
		Release|Any CPU = Release|Any CPU
	EndGlobalSection
	GlobalSection(ProjectConfigurationPlatforms) = postSolution
		{DCF9BBE4-4FCC-43FA-B116-0DAB92F3C585}.Debug|Any CPU.ActiveCfg = Debug|Any CPU
		{DCF9BBE4-4FCC-43FA-B116-0DAB92F3C585}.Debug|Any CPU.Build.0 = Debug|Any CPU
		{DCF9BBE4-4FCC-43FA-B116-0DAB92F3C585}.Release|Any CPU.ActiveCfg = Release|Any CPU
		{DCF9BBE4-4FCC-43FA-B116-0DAB92F3C585}.Release|Any CPU.Build.0 = Release|Any CPU
	EndGlobalSection
	GlobalSection(SolutionProperties) = preSolution
		HideSolutionNode = FALSE
	EndGlobalSection
EndGlobal
